
Microsoft Visual Studio Solution File, Format Version 12.00
# Visual Studio 15
VisualStudioVersion = 15.0.28307.329
MinimumVisualStudioVersion = 10.0.40219.1
Project("{E24C65DC-7377-472B-9ABA-BC803B73C61A}") = "StoreManagementSystem", "StoreManagementSystem\", "{BEE3B90B-D54D-4B42-86CF-DEF5B32A55DF}"
	ProjectSection(WebsiteProperties) = preProject
		TargetFrameworkMoniker = ".NETFramework,Version%3Dv4.6.1"
		Debug.AspNetCompiler.VirtualPath = "/localhost_56015"
		Debug.AspNetCompiler.PhysicalPath = "StoreManagementSystem\"
		Debug.AspNetCompiler.TargetPath = "PrecompiledWeb\localhost_56015\"
		Debug.AspNetCompiler.Updateable = "true"
		Debug.AspNetCompiler.ForceOverwrite = "true"
		Debug.AspNetCompiler.FixedNames = "false"
		Debug.AspNetCompiler.Debug = "True"
		Release.AspNetCompiler.VirtualPath = "/localhost_56015"
		Release.AspNetCompiler.PhysicalPath = "StoreManagementSystem\"
		Release.AspNetCompiler.TargetPath = "PrecompiledWeb\localhost_56015\"
		Release.AspNetCompiler.Updateable = "true"
		Release.AspNetCompiler.ForceOverwrite = "true"
		Release.AspNetCompiler.FixedNames = "false"
		Release.AspNetCompiler.Debug = "False"
		VWDPort = "56015"
		SlnRelativePath = "StoreManagementSystem\"
		DefaultWebSiteLanguage = "Visual C#"
	EndProjectSection
EndProject
Global
	GlobalSection(SolutionConfigurationPlatforms) = preSolution
		Debug|Any CPU = Debug|Any CPU
	EndGlobalSection
	GlobalSection(ProjectConfigurationPlatforms) = postSolution
		{BEE3B90B-D54D-4B42-86CF-DEF5B32A55DF}.Debug|Any CPU.ActiveCfg = Debug|Any CPU
		{BEE3B90B-D54D-4B42-86CF-DEF5B32A55DF}.Debug|Any CPU.Build.0 = Debug|Any CPU
	EndGlobalSection
	GlobalSection(SolutionProperties) = preSolution
		HideSolutionNode = FALSE
	EndGlobalSection
	GlobalSection(ExtensibilityGlobals) = postSolution
		SolutionGuid = {4D2C65C8-B2E1-4A58-9175-167D2D5C7CBC}
	EndGlobalSection
EndGlobal
